{
  "name": "dummy_npm",
  "version": "1.0.0",
  "lockfileVersion": 3,
  "requires": true,
  "packages": {
    "": {
      "name": "dummy_npm",
      "version": "1.0.0",
      "license": "ISC",
      "dependencies": {
        "irctc-connect": "^3.0.3"
      },
      "devDependencies": {}
    },
    "node_modules/irctc-connect": {
      "version": "3.0.3",
      "resolved": "https://registry.npmjs.org/irctc-connect/-/irctc-connect-3.0.3.tgz",
      "integrity": "sha512-ctvgLX0EJ0DFATG6PLd9B0jjgCgGpECmmq4TmK4ls5HQ3792AllWdgxIsatZX7vScdNEd09ilxzOaBzbmgfW5g==",
      "license": "ISC"
    }
  }
}
